
Microsoft Visual Studio Solution File, Format Version 12.00
# Visual Studio Version 16
VisualStudioVersion = 16.0.31205.134
MinimumVisualStudioVersion = 10.0.40219.1
Project("{FAE04EC0-301F-11D3-BF4B-00C04F79EFBC}") = "CinemaManager", "CinemaManager.csproj", "{CE6DCFBB-5B9E-4C14-BFCC-C1B2E51DF9ED}"
EndProject
Global
	GlobalSection(SolutionConfigurationPlatforms) = preSolution
		Debug|Any CPU = Debug|Any CPU
		Release|Any CPU = Release|Any CPU
	EndGlobalSection
	GlobalSection(ProjectConfigurationPlatforms) = postSolution
		{CE6DCFBB-5B9E-4C14-BFCC-C1B2E51DF9ED}.Debug|Any CPU.ActiveCfg = Debug|Any CPU
		{CE6DCFBB-5B9E-4C14-BFCC-C1B2E51DF9ED}.Debug|Any CPU.Build.0 = Debug|Any CPU
		{CE6DCFBB-5B9E-4C14-BFCC-C1B2E51DF9ED}.Release|Any CPU.ActiveCfg = Release|Any CPU
		{CE6DCFBB-5B9E-4C14-BFCC-C1B2E51DF9ED}.Release|Any CPU.Build.0 = Release|Any CPU
	EndGlobalSection
	GlobalSection(SolutionProperties) = preSolution
		HideSolutionNode = FALSE
	EndGlobalSection
	GlobalSection(ExtensibilityGlobals) = postSolution
		SolutionGuid = {EE5153E9-3B16-4B17-9749-6F780E0B0404}
	EndGlobalSection
EndGlobal
